Microsoft Visual Studio Solution File, Format Version 12.00
# Visual Studio Version 16
VisualStudioVersion = 16.0.29613.14
MinimumVisualStudioVersion = 10.0.40219.1
Project("{FAE04EC0-301F-11D3-BF4B-00C04F79EFBC}") = "LiveResults.Client", "LiveResults.Client\LiveResults.Client.csproj", "{8738FAFC-E55D-40F8-ACF4-C70DF5DB9B0A}"
EndProject
Project("{FAE04EC0-301F-11D3-BF4B-00C04F79EFBC}") = "H2Sharp", "H2Sharp\H2Sharp.csproj", "{4FED5F49-C953-4E6E-ADC4-8156E17D2AF0}"
EndProject
Project("{FAE04EC0-301F-11D3-BF4B-00C04F79EFBC}") = "LiveResults.Client.Tests", "LiveResults.Client.Tests\LiveResults.Client.Tests.csproj", "{4B6FA38E-237C-4780-9357-864F07F2A676}"
EndProject
Project("{2150E333-8FDC-42A3-9474-1A3956D46DE8}") = "Solution Items", "Solution Items", "{B1684EB9-729C-472B-ABD9-712E397A715C}"
	ProjectSection(SolutionItems) = preProject
		Doc\createOnlineDatabase.sql.txt = Doc\createOnlineDatabase.sql.txt
		web\dbupgrade\dbmodelupdates.txt = web\dbupgrade\dbmodelupdates.txt
		LiveResults.Client.vsmdi = LiveResults.Client.vsmdi
		Local.testsettings = Local.testsettings
		TraceAndTestImpact.testsettings = TraceAndTestImpact.testsettings
	EndProjectSection
EndProject
Project("{2150E333-8FDC-42A3-9474-1A3956D46DE8}") = "web", "web", "{A0323DA7-D3AF-4CB1-B37B-AFCAF9278516}"
	ProjectSection(SolutionItems) = preProject
		web\api.php = web\api.php
		web\followfull.php = web\followfull.php
		web\gprsping.php = web\gprsping.php
		web\gprspunch.php = web\gprspunch.php
		web\index.php = web\index.php
		index_woc.html = index_woc.html
		web\sipunch.php = web\sipunch.php
	EndProjectSection
EndProject
Project("{2150E333-8FDC-42A3-9474-1A3956D46DE8}") = "adm", "adm", "{E2B2F09B-077F-4AFC-AC1C-01CBD96C26BF}"
	ProjectSection(SolutionItems) = preProject
		web\adm\admincompetitions.php = web\adm\admincompetitions.php
		web\adm\createComp.php = web\adm\createComp.php
		web\adm\editComp.php = web\adm\editComp.php
	EndProjectSection
EndProject
Project("{2150E333-8FDC-42A3-9474-1A3956D46DE8}") = "js", "js", "{3D301984-98EF-45C8-A0A0-781E18D3B3AD}"
	ProjectSection(SolutionItems) = preProject
		web\js\liveresults.js = web\js\liveresults.js
	EndProjectSection
EndProject
Project("{2150E333-8FDC-42A3-9474-1A3956D46DE8}") = "templates", "templates", "{74A7CDE3-9723-46AC-9778-371B12392E46}"
	ProjectSection(SolutionItems) = preProject
		web\templates\classEmma.class.php = web\templates\classEmma.class.php
		web\templates\emmalang_cz.php = web\templates\emmalang_cz.php
		web\templates\emmalang_de.php = web\templates\emmalang_de.php
		web\templates\emmalang_en.php = web\templates\emmalang_en.php
		web\templates\emmalang_fi.php = web\templates\emmalang_fi.php
		web\templates\emmalang_fr.php = web\templates\emmalang_fr.php
		web\templates\emmalang_ru.php = web\templates\emmalang_ru.php
		web\templates\emmalang_sv.php = web\templates\emmalang_sv.php
	EndProjectSection
EndProject
Project("{2150E333-8FDC-42A3-9474-1A3956D46DE8}") = "css", "css", "{505B00D3-748C-4B8E-9356-6C0D5FD861BA}"
	ProjectSection(SolutionItems) = preProject
		web\css\style-eoc.css = web\css\style-eoc.css
	EndProjectSection
EndProject
Project("{FAE04EC0-301F-11D3-BF4B-00C04F79EFBC}") = "UdpSirapTest", "UdpSirapTest\UdpSirapTest.csproj", "{0A4BBE94-BABB-48AA-BF32-6D82CC206EF9}"
EndProject
Project("{FAE04EC0-301F-11D3-BF4B-00C04F79EFBC}") = "LiveResults.Model", "LiveResults.Model\LiveResults.Model.csproj", "{90078189-7B0A-4C17-BCDA-B1F9E564FC5E}"
EndProject
Global
	GlobalSection(SolutionConfigurationPlatforms) = preSolution
		Debug|Any CPU = Debug|Any CPU
		DebugOE|Any CPU = DebugOE|Any CPU
		DebugOLA|Any CPU = DebugOLA|Any CPU
		DebugOS|Any CPU = DebugOS|Any CPU
		DebugSIT|Any CPU = DebugSIT|Any CPU
		Release|Any CPU = Release|Any CPU
		ReleaseOLA|Any CPU = ReleaseOLA|Any CPU
		ReleaseOS|Any CPU = ReleaseOS|Any CPU
	EndGlobalSection
	GlobalSection(ProjectConfigurationPlatforms) = postSolution
		{8738FAFC-E55D-40F8-ACF4-C70DF5DB9B0A}.Debug|Any CPU.ActiveCfg = Debug|Any CPU
		{8738FAFC-E55D-40F8-ACF4-C70DF5DB9B0A}.Debug|Any CPU.Build.0 = Debug|Any CPU
		{8738FAFC-E55D-40F8-ACF4-C70DF5DB9B0A}.DebugOE|Any CPU.ActiveCfg = DebugOE|Any CPU
		{8738FAFC-E55D-40F8-ACF4-C70DF5DB9B0A}.DebugOE|Any CPU.Build.0 = DebugOE|Any CPU
		{8738FAFC-E55D-40F8-ACF4-C70DF5DB9B0A}.DebugOLA|Any CPU.ActiveCfg = DebugOLA|Any CPU
		{8738FAFC-E55D-40F8-ACF4-C70DF5DB9B0A}.DebugOLA|Any CPU.Build.0 = DebugOLA|Any CPU
		{8738FAFC-E55D-40F8-ACF4-C70DF5DB9B0A}.DebugOS|Any CPU.ActiveCfg = DebugOS|Any CPU
		{8738FAFC-E55D-40F8-ACF4-C70DF5DB9B0A}.DebugOS|Any CPU.Build.0 = DebugOS|Any CPU
		{8738FAFC-E55D-40F8-ACF4-C70DF5DB9B0A}.DebugSIT|Any CPU.ActiveCfg = DebugSIT|Any CPU
		{8738FAFC-E55D-40F8-ACF4-C70DF5DB9B0A}.DebugSIT|Any CPU.Build.0 = DebugSIT|Any CPU
		{8738FAFC-E55D-40F8-ACF4-C70DF5DB9B0A}.Release|Any CPU.ActiveCfg = Release|Any CPU
		{8738FAFC-E55D-40F8-ACF4-C70DF5DB9B0A}.Release|Any CPU.Build.0 = Release|Any CPU
		{8738FAFC-E55D-40F8-ACF4-C70DF5DB9B0A}.ReleaseOLA|Any CPU.ActiveCfg = ReleaseOLA|Any CPU
		{8738FAFC-E55D-40F8-ACF4-C70DF5DB9B0A}.ReleaseOLA|Any CPU.Build.0 = ReleaseOLA|Any CPU
		{8738FAFC-E55D-40F8-ACF4-C70DF5DB9B0A}.ReleaseOS|Any CPU.ActiveCfg = ReleaseOS|Any CPU
		{8738FAFC-E55D-40F8-ACF4-C70DF5DB9B0A}.ReleaseOS|Any CPU.Build.0 = ReleaseOS|Any CPU
		{4FED5F49-C953-4E6E-ADC4-8156E17D2AF0}.Debug|Any CPU.ActiveCfg = Debug|Any CPU
		{4FED5F49-C953-4E6E-ADC4-8156E17D2AF0}.Debug|Any CPU.Build.0 = Debug|Any CPU
		{4FED5F49-C953-4E6E-ADC4-8156E17D2AF0}.DebugOE|Any CPU.ActiveCfg = Debug|Any CPU
		{4FED5F49-C953-4E6E-ADC4-8156E17D2AF0}.DebugOE|Any CPU.Build.0 = Debug|Any CPU
		{4FED5F49-C953-4E6E-ADC4-8156E17D2AF0}.DebugOLA|Any CPU.ActiveCfg = Debug|Any CPU
		{4FED5F49-C953-4E6E-ADC4-8156E17D2AF0}.DebugOLA|Any CPU.Build.0 = Debug|Any CPU
		{4FED5F49-C953-4E6E-ADC4-8156E17D2AF0}.DebugOS|Any CPU.ActiveCfg = Debug|Any CPU
		{4FED5F49-C953-4E6E-ADC4-8156E17D2AF0}.DebugOS|Any CPU.Build.0 = Debug|Any CPU
		{4FED5F49-C953-4E6E-ADC4-8156E17D2AF0}.DebugSIT|Any CPU.ActiveCfg = Debug|Any CPU
		{4FED5F49-C953-4E6E-ADC4-8156E17D2AF0}.DebugSIT|Any CPU.Build.0 = Debug|Any CPU
		{4FED5F49-C953-4E6E-ADC4-8156E17D2AF0}.Release|Any CPU.ActiveCfg = Release|Any CPU
		{4FED5F49-C953-4E6E-ADC4-8156E17D2AF0}.Release|Any CPU.Build.0 = Release|Any CPU
		{4FED5F49-C953-4E6E-ADC4-8156E17D2AF0}.ReleaseOLA|Any CPU.ActiveCfg = Release|Any CPU
		{4FED5F49-C953-4E6E-ADC4-8156E17D2AF0}.ReleaseOLA|Any CPU.Build.0 = Release|Any CPU
		{4FED5F49-C953-4E6E-ADC4-8156E17D2AF0}.ReleaseOS|Any CPU.ActiveCfg = Release|Any CPU
		{4FED5F49-C953-4E6E-ADC4-8156E17D2AF0}.ReleaseOS|Any CPU.Build.0 = Release|Any CPU
		{4B6FA38E-237C-4780-9357-864F07F2A676}.Debug|Any CPU.ActiveCfg = Debug|Any CPU
		{4B6FA38E-237C-4780-9357-864F07F2A676}.Debug|Any CPU.Build.0 = Debug|Any CPU
		{4B6FA38E-237C-4780-9357-864F07F2A676}.DebugOE|Any CPU.ActiveCfg = Debug|Any CPU
		{4B6FA38E-237C-4780-9357-864F07F2A676}.DebugOE|Any CPU.Build.0 = Debug|Any CPU
		{4B6FA38E-237C-4780-9357-864F07F2A676}.DebugOLA|Any CPU.ActiveCfg = Debug|Any CPU
		{4B6FA38E-237C-4780-9357-864F07F2A676}.DebugOLA|Any CPU.Build.0 = Debug|Any CPU
		{4B6FA38E-237C-4780-9357-864F07F2A676}.DebugOS|Any CPU.ActiveCfg = Debug|Any CPU
		{4B6FA38E-237C-4780-9357-864F07F2A676}.DebugOS|Any CPU.Build.0 = Debug|Any CPU
		{4B6FA38E-237C-4780-9357-864F07F2A676}.DebugSIT|Any CPU.ActiveCfg = Debug|Any CPU
		{4B6FA38E-237C-4780-9357-864F07F2A676}.DebugSIT|Any CPU.Build.0 = Debug|Any CPU
		{4B6FA38E-237C-4780-9357-864F07F2A676}.Release|Any CPU.ActiveCfg = Release|Any CPU
		{4B6FA38E-237C-4780-9357-864F07F2A676}.Release|Any CPU.Build.0 = Release|Any CPU
		{4B6FA38E-237C-4780-9357-864F07F2A676}.ReleaseOLA|Any CPU.ActiveCfg = Release|Any CPU
		{4B6FA38E-237C-4780-9357-864F07F2A676}.ReleaseOLA|Any CPU.Build.0 = Release|Any CPU
		{4B6FA38E-237C-4780-9357-864F07F2A676}.ReleaseOS|Any CPU.ActiveCfg = Release|Any CPU
		{4B6FA38E-237C-4780-9357-864F07F2A676}.ReleaseOS|Any CPU.Build.0 = Release|Any CPU
		{0A4BBE94-BABB-48AA-BF32-6D82CC206EF9}.Debug|Any CPU.ActiveCfg = Debug|Any CPU
		{0A4BBE94-BABB-48AA-BF32-6D82CC206EF9}.DebugOE|Any CPU.ActiveCfg = Debug|Any CPU
		{0A4BBE94-BABB-48AA-BF32-6D82CC206EF9}.DebugOE|Any CPU.Build.0 = Debug|Any CPU
		{0A4BBE94-BABB-48AA-BF32-6D82CC206EF9}.DebugOLA|Any CPU.ActiveCfg = Debug|Any CPU
		{0A4BBE94-BABB-48AA-BF32-6D82CC206EF9}.DebugOLA|Any CPU.Build.0 = Debug|Any CPU
		{0A4BBE94-BABB-48AA-BF32-6D82CC206EF9}.DebugOS|Any CPU.ActiveCfg = Debug|Any CPU
		{0A4BBE94-BABB-48AA-BF32-6D82CC206EF9}.DebugOS|Any CPU.Build.0 = Debug|Any CPU
		{0A4BBE94-BABB-48AA-BF32-6D82CC206EF9}.DebugSIT|Any CPU.ActiveCfg = Debug|Any CPU
		{0A4BBE94-BABB-48AA-BF32-6D82CC206EF9}.DebugSIT|Any CPU.Build.0 = Debug|Any CPU
		{0A4BBE94-BABB-48AA-BF32-6D82CC206EF9}.Release|Any CPU.ActiveCfg = Release|Any CPU
		{0A4BBE94-BABB-48AA-BF32-6D82CC206EF9}.Release|Any CPU.Build.0 = Release|Any CPU
		{0A4BBE94-BABB-48AA-BF32-6D82CC206EF9}.ReleaseOLA|Any CPU.ActiveCfg = Release|Any CPU
		{0A4BBE94-BABB-48AA-BF32-6D82CC206EF9}.ReleaseOLA|Any CPU.Build.0 = Release|Any CPU
		{0A4BBE94-BABB-48AA-BF32-6D82CC206EF9}.ReleaseOS|Any CPU.ActiveCfg = Release|Any CPU
		{0A4BBE94-BABB-48AA-BF32-6D82CC206EF9}.ReleaseOS|Any CPU.Build.0 = Release|Any CPU
		{90078189-7B0A-4C17-BCDA-B1F9E564FC5E}.Debug|Any CPU.ActiveCfg = Debug|Any CPU
		{90078189-7B0A-4C17-BCDA-B1F9E564FC5E}.Debug|Any CPU.Build.0 = Debug|Any CPU
		{90078189-7B0A-4C17-BCDA-B1F9E564FC5E}.DebugOE|Any CPU.ActiveCfg = Debug|Any CPU
		{90078189-7B0A-4C17-BCDA-B1F9E564FC5E}.DebugOE|Any CPU.Build.0 = Debug|Any CPU
		{90078189-7B0A-4C17-BCDA-B1F9E564FC5E}.DebugOLA|Any CPU.ActiveCfg = Debug|Any CPU
		{90078189-7B0A-4C17-BCDA-B1F9E564FC5E}.DebugOLA|Any CPU.Build.0 = Debug|Any CPU
		{90078189-7B0A-4C17-BCDA-B1F9E564FC5E}.DebugOS|Any CPU.ActiveCfg = Debug|Any CPU
		{90078189-7B0A-4C17-BCDA-B1F9E564FC5E}.DebugOS|Any CPU.Build.0 = Debug|Any CPU
		{90078189-7B0A-4C17-BCDA-B1F9E564FC5E}.DebugSIT|Any CPU.ActiveCfg = Debug|Any CPU
		{90078189-7B0A-4C17-BCDA-B1F9E564FC5E}.DebugSIT|Any CPU.Build.0 = Debug|Any CPU
		{90078189-7B0A-4C17-BCDA-B1F9E564FC5E}.Release|Any CPU.ActiveCfg = Release|Any CPU
		{90078189-7B0A-4C17-BCDA-B1F9E564FC5E}.Release|Any CPU.Build.0 = Release|Any CPU
		{90078189-7B0A-4C17-BCDA-B1F9E564FC5E}.ReleaseOLA|Any CPU.ActiveCfg = Release|Any CPU
		{90078189-7B0A-4C17-BCDA-B1F9E564FC5E}.ReleaseOLA|Any CPU.Build.0 = Release|Any CPU
		{90078189-7B0A-4C17-BCDA-B1F9E564FC5E}.ReleaseOS|Any CPU.ActiveCfg = Release|Any CPU
		{90078189-7B0A-4C17-BCDA-B1F9E564FC5E}.ReleaseOS|Any CPU.Build.0 = Release|Any CPU
	EndGlobalSection
	GlobalSection(SolutionProperties) = preSolution
		HideSolutionNode = FALSE
	EndGlobalSection
	GlobalSection(NestedProjects) = preSolution
		{A0323DA7-D3AF-4CB1-B37B-AFCAF9278516} = {B1684EB9-729C-472B-ABD9-712E397A715C}
		{E2B2F09B-077F-4AFC-AC1C-01CBD96C26BF} = {A0323DA7-D3AF-4CB1-B37B-AFCAF9278516}
		{3D301984-98EF-45C8-A0A0-781E18D3B3AD} = {A0323DA7-D3AF-4CB1-B37B-AFCAF9278516}
		{74A7CDE3-9723-46AC-9778-371B12392E46} = {A0323DA7-D3AF-4CB1-B37B-AFCAF9278516}
		{505B00D3-748C-4B8E-9356-6C0D5FD861BA} = {A0323DA7-D3AF-4CB1-B37B-AFCAF9278516}
	EndGlobalSection
	GlobalSection(ExtensibilityGlobals) = postSolution
		SolutionGuid = {166EE5C1-65E3-458C-B0B2-CF3926DD52D5}
	EndGlobalSection
	GlobalSection(TestCaseManagementSettings) = postSolution
		CategoryFile = LiveResults.Client.vsmdi
	EndGlobalSection
EndGlobal
